// !$*UTF8*$!
{
	archiveVersion = 1;
	classes = {
	};
	objectVersion = 50;
	objects = {

/* Begin PBXBuildFile section */
		16ED22AC23EE675A00D783DE /* AppDelegate.swift in Sources */ = {isa = PBXBuildFile; fileRef = 16ED22AB23EE675A00D783DE /* AppDelegate.swift */; };
		16ED22AE23EE675A00D783DE /* SceneDelegate.swift in Sources */ = {isa = PBXBuildFile; fileRef = 16ED22AD23EE675A00D783DE /* SceneDelegate.swift */; };
		16ED22B023EE675A00D783DE /* ViewController.swift in Sources */ = {isa = PBXBuildFile; fileRef = 16ED22AF23EE675A00D783DE /* ViewController.swift */; };
		16ED22B323EE675A00D783DE /* Main.storyboard in Resources */ = {isa = PBXBuildFile; fileRef = 16ED22B123EE675A00D783DE /* Main.storyboard */; };
		16ED22B523EE675C00D783DE /* Assets.xcassets in Resources */ = {isa = PBXBuildFile; fileRef = 16ED22B423EE675C00D783DE /* Assets.xcassets */; };
		16ED22B823EE675C00D783DE /* LaunchScreen.storyboard in Resources */ = {isa = PBXBuildFile; fileRef = 16ED22B623EE675C00D783DE /* LaunchScreen.storyboard */; };
		16ED22C323EE675C00D783DE /* Phillips_Homework_2Tests.swift in Sources */ = {isa = PBXBuildFile; fileRef = 16ED22C223EE675C00D783DE /* Phillips_Homework_2Tests.swift */; };
		16ED22CE23EE675D00D783DE /* Phillips_Homework_2UITests.swift in Sources */ = {isa = PBXBuildFile; fileRef = 16ED22CD23EE675D00D783DE /* Phillips_Homework_2UITests.swift */; };
/* End PBXBuildFile section */

/* Begin PBXContainerItemProxy section */
		16ED22BF23EE675C00D783DE /* PBXContainerItemProxy */ = {
			isa = PBXContainerItemProxy;
			containerPortal = 16ED22A023EE675A00D783DE /* Project object */;
			proxyType = 1;
			remoteGlobalIDString = 16ED22A723EE675A00D783DE;
			remoteInfo = "Phillips Homework 2";
		};
		16ED22CA23EE675D00D783DE /* PBXContainerItemProxy */ = {
			isa = PBXContainerItemProxy;
			containerPortal = 16ED22A023EE675A00D783DE /* Project object */;
			proxyType = 1;
			remoteGlobalIDString = 16ED22A723EE675A00D783DE;
			remoteInfo = "Phillips Homework 2";
		};
/* End PBXContainerItemProxy section */

/* Begin PBXFileReference section */
		16ED22A823EE675A00D783DE /* Phillips Homework 2.app */ = {isa = PBXFileReference; explicitFileType = wrapper.application; includeInIndex = 0; path = "Phillips Homework 2.app"; sourceTree = BUILT_PRODUCTS_DIR; };
		16ED22AB23EE675A00D783DE /* AppDelegate.swift */ = {isa = PBXFileReference; lastKnownFileType = sourcecode.swift; path = AppDelegate.swift; sourceTree = "<group>"; };
		16ED22AD23EE675A00D783DE /* SceneDelegate.swift */ = {isa = PBXFileReference; lastKnownFileType = sourcecode.swift; path = SceneDelegate.swift; sourceTree = "<group>"; };
		16ED22AF23EE675A00D783DE /* ViewController.swift */ = {isa = PBXFileReference; lastKnownFileType = sourcecode.swift; path = ViewController.swift; sourceTree = "<group>"; };
		16ED22B223EE675A00D783DE /* Base */ = {isa = PBXFileReference; lastKnownFileType = file.storyboard; name = Base; path = Base.lproj/Main.storyboard; sourceTree = "<group>"; };
		16ED22B423EE675C00D783DE /* Assets.xcassets */ = {isa = PBXFileReference; lastKnownFileType = folder.assetcatalog; path = Assets.xcassets; sourceTree = "<group>"; };
		16ED22B723EE675C00D783DE /* Base */ = {isa = PBXFileReference; lastKnownFileType = file.storyboard; name = Base; path = Base.lproj/LaunchScreen.storyboard; sourceTree = "<group>"; };
		16ED22B923EE675C00D783DE /* Info.plist */ = {isa = PBXFileReference; lastKnownFileType = text.plist.xml; path = Info.plist; sourceTree = "<group>"; };
		16ED22BE23EE675C00D783DE /* Phillips Homework 2Tests.xctest */ = {isa = PBXFileReference; explicitFileType = wrapper.cfbundle; includeInIndex = 0; path = "Phillips Homework 2Tests.xctest"; sourceTree = BUILT_PRODUCTS_DIR; };
		16ED22C223EE675C00D783DE /* Phillips_Homework_2Tests.swift */ = {isa = PBXFileReference; lastKnownFileType = sourcecode.swift; path = Phillips_Homework_2Tests.swift; sourceTree = "<group>"; };
		16ED22C423EE675C00D783DE /* Info.plist */ = {isa = PBXFileReference; lastKnownFileType = text.plist.xml; path = Info.plist; sourceTree = "<group>"; };
		16ED22C923EE675D00D783DE /* Phillips Homework 2UITests.xctest */ = {isa = PBXFileReference; explicitFileType = wrapper.cfbundle; includeInIndex = 0; path = "Phillips Homework 2UITests.xctest"; sourceTree = BUILT_PRODUCTS_DIR; };
		16ED22CD23EE675D00D783DE /* Phillips_Homework_2UITests.swift */ = {isa = PBXFileReference; lastKnownFileType = sourcecode.swift; path = Phillips_Homework_2UITests.swift; sourceTree = "<group>"; };
		16ED22CF23EE675D00D783DE /* Info.plist */ = {isa = PBXFileReference; lastKnownFileType = text.plist.xml; path = Info.plist; sourceTree = "<group>"; };
/* End PBXFileReference section */

/* Begin PBXFrameworksBuildPhase section */
		16ED22A523EE675A00D783DE /* Frameworks */ = {
			isa = PBXFrameworksBuildPhase;
			buildActionMask = 2147483647;
			files = (
			);
			runOnlyForDeploymentPostprocessing = 0;
		};
		16ED22BB23EE675C00D783DE /* Frameworks */ = {
			isa = PBXFrameworksBuildPhase;
			buildActionMask = 2147483647;
			files = (
			);
			runOnlyForDeploymentPostprocessing = 0;
		};
		16ED22C623EE675D00D783DE /* Frameworks */ = {
			isa = PBXFrameworksBuildPhase;
			buildActionMask = 2147483647;
			files = (
			);
			runOnlyForDeploymentPostprocessing = 0;
		};
/* End PBXFrameworksBuildPhase section */

/* Begin PBXGroup section */
		16ED229F23EE675A00D783DE = {
			isa = PBXGroup;
			children = (
				16ED22AA23EE675A00D783DE /* Phillips Homework 2 */,
				16ED22C123EE675C00D783DE /* Phillips Homework 2Tests */,
				16ED22CC23EE675D00D783DE /* Phillips Homework 2UITests */,
				16ED22A923EE675A00D783DE /* Products */,
			);
			sourceTree = "<group>";
		};
		16ED22A923EE675A00D783DE /* Products */ = {
			isa = PBXGroup;
			children = (
				16ED22A823EE675A00D783DE /* Phillips Homework 2.app */,
				16ED22BE23EE675C00D783DE /* Phillips Homework 2Tests.xctest */,
				16ED22C923EE675D00D783DE /* Phillips Homework 2UITests.xctest */,
			);
			name = Products;
			sourceTree = "<group>";
		};
		16ED22AA23EE675A00D783DE /* Phillips Homework 2 */ = {
			isa = PBXGroup;
			children = (
				16ED22AB23EE675A00D783DE /* AppDelegate.swift */,
				16ED22AD23EE675A00D783DE /* SceneDelegate.swift */,
				16ED22AF23EE675A00D783DE /* ViewController.swift */,
				16ED22B123EE675A00D783DE /* Main.storyboard */,
				16ED22B423EE675C00D783DE /* Assets.xcassets */,
				16ED22B623EE675C00D783DE /* LaunchScreen.storyboard */,
				16ED22B923EE675C00D783DE /* Info.plist */,
			);
			path = "Phillips Homework 2";
			sourceTree = "<group>";
		};
		16ED22C123EE675C00D783DE /* Phillips Homework 2Tests */ = {
			isa = PBXGroup;
			children = (
				16ED22C223EE675C00D783DE /* Phillips_Homework_2Tests.swift */,
				16ED22C423EE675C00D783DE /* Info.plist */,
			);
			path = "Phillips Homework 2Tests";
			sourceTree = "<group>";
		};
		16ED22CC23EE675D00D783DE /* Phillips Homework 2UITests */ = {
			isa = PBXGroup;
			children = (
				16ED22CD23EE675D00D783DE /* Phillips_Homework_2UITests.swift */,
				16ED22CF23EE675D00D783DE /* Info.plist */,
			);
			path = "Phillips Homework 2UITests";
			sourceTree = "<group>";
		};
/* End PBXGroup section */

/* Begin PBXNativeTarget section */
		16ED22A723EE675A00D783DE /* Phillips Homework 2 */ = {
			isa = PBXNativeTarget;
			buildConfigurationList = 16ED22D223EE675D00D783DE /* Build configuration list for PBXNativeTarget "Phillips Homework 2" */;
			buildPhases = (
				16ED22A423EE675A00D783DE /* Sources */,
				16ED22A523EE675A00D783DE /* Frameworks */,
				16ED22A623EE675A00D783DE /* Resources */,
			);
			buildRules = (
			);
			dependencies = (
			);
			name = "Phillips Homework 2";
			productName = "Phillips Homework 2";
			productReference = 16ED22A823EE675A00D783DE /* Phillips Homework 2.app */;
			productType = "com.apple.product-type.application";
		};
		16ED22BD23EE675C00D783DE /* Phillips Homework 2Tests */ = {
			isa = PBXNativeTarget;
			buildConfigurationList = 16ED22D523EE675D00D783DE /* Build configuration list for PBXNativeTarget "Phillips Homework 2Tests" */;
			buildPhases = (
				16ED22BA23EE675C00D783DE /* Sources */,
				16ED22BB23EE675C00D783DE /* Frameworks */,
				16ED22BC23EE675C00D783DE /* Resources */,
			);
			buildRules = (
			);
			dependencies = (
				16ED22C023EE675C00D783DE /* PBXTargetDependency */,
			);
			name = "Phillips Homework 2Tests";
			productName = "Phillips Homework 2Tests";
			productReference = 16ED22BE23EE675C00D783DE /* Phillips Homework 2Tests.xctest */;
			productType = "com.apple.product-type.bundle.unit-test";
		};
		16ED22C823EE675D00D783DE /* Phillips Homework 2UITests */ = {
			isa = PBXNativeTarget;
			buildConfigurationList = 16ED22D823EE675D00D783DE /* Build configuration list for PBXNativeTarget "Phillips Homework 2UITests" */;
			buildPhases = (
				16ED22C523EE675D00D783DE /* Sources */,
				16ED22C623EE675D00D783DE /* Frameworks */,
				16ED22C723EE675D00D783DE /* Resources */,
			);
			buildRules = (
			);
			dependencies = (
				16ED22CB23EE675D00D783DE /* PBXTargetDependency */,
			);
			name = "Phillips Homework 2UITests";
			productName = "Phillips Homework 2UITests";
			productReference = 16ED22C923EE675D00D783DE /* Phillips Homework 2UITests.xctest */;
			productType = "com.apple.product-type.bundle.ui-testing";
		};
/* End PBXNativeTarget section */

/* Begin PBXProject section */
		16ED22A023EE675A00D783DE /* Project object */ = {
			isa = PBXProject;
			attributes = {
				LastSwiftUpdateCheck = 1130;
				LastUpgradeCheck = 1130;
				ORGANIZATIONNAME = "Grace Phillips";
				TargetAttributes = {
					16ED22A723EE675A00D783DE = {
						CreatedOnToolsVersion = 11.3.1;
					};
					16ED22BD23EE675C00D783DE = {
						CreatedOnToolsVersion = 11.3.1;
						TestTargetID = 16ED22A723EE675A00D783DE;
					};
					16ED22C823EE675D00D783DE = {
						CreatedOnToolsVersion = 11.3.1;
						TestTargetID = 16ED22A723EE675A00D783DE;
					};
				};
			};
			buildConfigurationList = 16ED22A323EE675A00D783DE /* Build configuration list for PBXProject "Phillips Homework 2" */;
			compatibilityVersion = "Xcode 9.3";
			developmentRegion = en;
			hasScannedForEncodings = 0;
			knownRegions = (
				en,
				Base,
			);
			mainGroup = 16ED229F23EE675A00D783DE;
			productRefGroup = 16ED22A923EE675A00D783DE /* Products */;
			projectDirPath = "";
			projectRoot = "";
			targets = (
				16ED22A723EE675A00D783DE /* Phillips Homework 2 */,
				16ED22BD23EE675C00D783DE /* Phillips Homework 2Tests */,
				16ED22C823EE675D00D783DE /* Phillips Homework 2UITests */,
			);
		};
/* End PBXProject section */

/* Begin PBXResourcesBuildPhase section */
		16ED22A623EE675A00D783DE /* Resources */ = {
			isa = PBXResourcesBuildPhase;
			buildActionMask = 2147483647;
			files = (
				16ED22B823EE675C00D783DE /* LaunchScreen.storyboard in Resources */,
				16ED22B523EE675C00D783DE /* Assets.xcassets in Resources */,
				16ED22B323EE675A00D783DE /* Main.storyboard in Resources */,
			);
			runOnlyForDeploymentPostprocessing = 0;
		};
		16ED22BC23EE675C00D783DE /* Resources */ = {
			isa = PBXResourcesBuildPhase;
			buildActionMask = 2147483647;
			files = (
			);
			runOnlyForDeploymentPostprocessing = 0;
		};
		16ED22C723EE675D00D783DE /* Resources */ = {
			isa = PBXResourcesBuildPhase;
			buildActionMask = 2147483647;
			files = (
			);
			runOnlyForDeploymentPostprocessing = 0;
		};
/* End PBXResourcesBuildPhase section */

/* Begin PBXSourcesBuildPhase section */
		16ED22A423EE675A00D783DE /* Sources */ = {
			isa = PBXSourcesBuildPhase;
			buildActionMask = 2147483647;
			files = (
				16ED22B023EE675A00D783DE /* ViewController.swift in Sources */,
				16ED22AC23EE675A00D783DE /* AppDelegate.swift in Sources */,
				16ED22AE23EE675A00D783DE /* SceneDelegate.swift in Sources */,
			);
			runOnlyForDeploymentPostprocessing = 0;
		};
		16ED22BA23EE675C00D783DE /* Sources */ = {
			isa = PBXSourcesBuildPhase;
			buildActionMask = 2147483647;
			files = (
				16ED22C323EE675C00D783DE /* Phillips_Homework_2Tests.swift in Sources */,
			);
			runOnlyForDeploymentPostprocessing = 0;
		};
		16ED22C523EE675D00D783DE /* Sources */ = {
			isa = PBXSourcesBuildPhase;
			buildActionMask = 2147483647;
			files = (
				16ED22CE23EE675D00D783DE /* Phillips_Homework_2UITests.swift in Sources */,
			);
			runOnlyForDeploymentPostprocessing = 0;
		};
/* End PBXSourcesBuildPhase section */

/* Begin PBXTargetDependency section */
		16ED22C023EE675C00D783DE /* PBXTargetDependency */ = {
			isa = PBXTargetDependency;
			target = 16ED22A723EE675A00D783DE /* Phillips Homework 2 */;
			targetProxy = 16ED22BF23EE675C00D783DE /* PBXContainerItemProxy */;
		};
		16ED22CB23EE675D00D783DE /* PBXTargetDependency */ = {
			isa = PBXTargetDependency;
			target = 16ED22A723EE675A00D783DE /* Phillips Homework 2 */;
			targetProxy = 16ED22CA23EE675D00D783DE /* PBXContainerItemProxy */;
		};
/* End PBXTargetDependency section */

/* Begin PBXVariantGroup section */
		16ED22B123EE675A00D783DE /* Main.storyboard */ = {
			isa = PBXVariantGroup;
			children = (
				16ED22B223EE675A00D783DE /* Base */,
			);
			name = Main.storyboard;
			sourceTree = "<group>";
		};
		16ED22B623EE675C00D783DE /* LaunchScreen.storyboard */ = {
			isa = PBXVariantGroup;
			children = (
				16ED22B723EE675C00D783DE /* Base */,
			);
			name = LaunchScreen.storyboard;
			sourceTree = "<group>";
		};
/* End PBXVariantGroup section */

/* Begin XCBuildConfiguration section */
		16ED22D023EE675D00D783DE /* Debug */ = {
			isa = XCBuildConfiguration;
			buildSettings = {
				ALWAYS_SEARCH_USER_PATHS = NO;
				CLANG_ANALYZER_NONNULL = YES;
				CLANG_ANALYZER_NUMBER_OBJECT_CONVERSION = YES_AGGRESSIVE;
				CLANG_CXX_LANGUAGE_STANDARD = "gnu++14";
				CLANG_CXX_LIBRARY = "libc++";
				CLANG_ENABLE_MODULES = YES;
				CLANG_ENABLE_OBJC_ARC = YES;
				CLANG_ENABLE_OBJC_WEAK = YES;
				CLANG_WARN_BLOCK_CAPTURE_AUTORELEASING = YES;
				CLANG_WARN_BOOL_CONVERSION = YES;
				CLANG_WARN_COMMA = YES;
				CLANG_WARN_CONSTANT_CONVERSION = YES;
				CLANG_WARN_DEPRECATED_OBJC_IMPLEMENTATIONS = YES;
				CLANG_WARN_DIRECT_OBJC_ISA_USAGE = YES_ERROR;
				CLANG_WARN_DOCUMENTATION_COMMENTS = YES;
				CLANG_WARN_EMPTY_BODY = YES;
				CLANG_WARN_ENUM_CONVERSION = YES;
				CLANG_WARN_INFINITE_RECURSION = YES;
				CLANG_WARN_INT_CONVERSION = YES;
				CLANG_WARN_NON_LITERAL_NULL_CONVERSION = YES;
				CLANG_WARN_OBJC_IMPLICIT_RETAIN_SELF = YES;
				CLANG_WARN_OBJC_LITERAL_CONVERSION = YES;
				CLANG_WARN_OBJC_ROOT_CLASS = YES_ERROR;
				CLANG_WARN_RANGE_LOOP_ANALYSIS = YES;
				CLANG_WARN_STRICT_PROTOTYPES = YES;
				CLANG_WARN_SUSPICIOUS_MOVE = YES;
				CLANG_WARN_UNGUARDED_AVAILABILITY = YES_AGGRESSIVE;
				CLANG_WARN_UNREACHABLE_CODE = YES;
				CLANG_WARN__DUPLICATE_METHOD_MATCH = YES;
				COPY_PHASE_STRIP = NO;
				DEBUG_INFORMATION_FORMAT = dwarf;
				ENABLE_STRICT_OBJC_MSGSEND = YES;
				ENABLE_TESTABILITY = YES;
				GCC_C_LANGUAGE_STANDARD = gnu11;
				GCC_DYNAMIC_NO_PIC = NO;
				GCC_NO_COMMON_BLOCKS = YES;
				GCC_OPTIMIZATION_LEVEL = 0;
				GCC_PREPROCESSOR_DEFINITIONS = (
					"DEBUG=1",
					"$(inherited)",
				);
				GCC_WARN_64_TO_32_BIT_CONVERSION = YES;
				GCC_WARN_ABOUT_RETURN_TYPE = YES_ERROR;
				GCC_WARN_UNDECLARED_SELECTOR = YES;
				GCC_WARN_UNINITIALIZED_AUTOS = YES_AGGRESSIVE;
				GCC_WARN_UNUSED_FUNCTION = YES;
				GCC_WARN_UNUSED_VARIABLE = YES;
				IPHONEOS_DEPLOYMENT_TARGET = 13.2;
				MTL_ENABLE_DEBUG_INFO = INCLUDE_SOURCE;
				MTL_FAST_MATH = YES;
				ONLY_ACTIVE_ARCH = YES;
				SDKROOT = iphoneos;
				SWIFT_ACTIVE_COMPILATION_CONDITIONS = DEBUG;
				SWIFT_OPTIMIZATION_LEVEL = "-Onone";
			};
			name = Debug;
		};
		16ED22D123EE675D00D783DE /* Release */ = {
			isa = XCBuildConfiguration;
			buildSettings = {
				ALWAYS_SEARCH_USER_PATHS = NO;
				CLANG_ANALYZER_NONNULL = YES;
				CLANG_ANALYZER_NUMBER_OBJECT_CONVERSION = YES_AGGRESSIVE;
				CLANG_CXX_LANGUAGE_STANDARD = "gnu++14";
				CLANG_CXX_LIBRARY = "libc++";
				CLANG_ENABLE_MODULES = YES;
				CLANG_ENABLE_OBJC_ARC = YES;
				CLANG_ENABLE_OBJC_WEAK = YES;
				CLANG_WARN_BLOCK_CAPTURE_AUTORELEASING = YES;
				CLANG_WARN_BOOL_CONVERSION = YES;
				CLANG_WARN_COMMA = YES;
				CLANG_WARN_CONSTANT_CONVERSION = YES;
				CLANG_WARN_DEPRECATED_OBJC_IMPLEMENTATIONS = YES;
				CLANG_WARN_DIRECT_OBJC_ISA_USAGE = YES_ERROR;
				CLANG_WARN_DOCUMENTATION_COMMENTS = YES;
				CLANG_WARN_EMPTY_BODY = YES;
				CLANG_WARN_ENUM_CONVERSION = YES;
				CLANG_WARN_INFINITE_RECURSION = YES;
				CLANG_WARN_INT_CONVERSION = YES;
				CLANG_WARN_NON_LITERAL_NULL_CONVERSION = YES;
				CLANG_WARN_OBJC_IMPLICIT_RETAIN_SELF = YES;
				CLANG_WARN_OBJC_LITERAL_CONVERSION = YES;
				CLANG_WARN_OBJC_ROOT_CLASS = YES_ERROR;
				CLANG_WARN_RANGE_LOOP_ANALYSIS = YES;
				CLANG_WARN_STRICT_PROTOTYPES = YES;
				CLANG_WARN_SUSPICIOUS_MOVE = YES;
				CLANG_WARN_UNGUARDED_AVAILABILITY = YES_AGGRESSIVE;
				CLANG_WARN_UNREACHABLE_CODE = YES;
				CLANG_WARN__DUPLICATE_METHOD_MATCH = YES;
				COPY_PHASE_STRIP = NO;
				DEBUG_INFORMATION_FORMAT = "dwarf-with-dsym";
				ENABLE_NS_ASSERTIONS = NO;
				ENABLE_STRICT_OBJC_MSGSEND = YES;
				GCC_C_LANGUAGE_STANDARD = gnu11;
				GCC_NO_COMMON_BLOCKS = YES;
				GCC_WARN_64_TO_32_BIT_CONVERSION = YES;
				GCC_WARN_ABOUT_RETURN_TYPE = YES_ERROR;
				GCC_WARN_UNDECLARED_SELECTOR = YES;
				GCC_WARN_UNINITIALIZED_AUTOS = YES_AGGRESSIVE;
				GCC_WARN_UNUSED_FUNCTION = YES;
				GCC_WARN_UNUSED_VARIABLE = YES;
				IPHONEOS_DEPLOYMENT_TARGET = 13.2;
				MTL_ENABLE_DEBUG_INFO = NO;
				MTL_FAST_MATH = YES;
				SDKROOT = iphoneos;
				SWIFT_COMPILATION_MODE = wholemodule;
				SWIFT_OPTIMIZATION_LEVEL = "-O";
				VALIDATE_PRODUCT = YES;
			};
			name = Release;
		};
		16ED22D323EE675D00D783DE /* Debug */ = {
			isa = XCBuildConfiguration;
			buildSettings = {
				ASSETCATALOG_COMPILER_APPICON_NAME = AppIcon;
				CODE_SIGN_STYLE = Automatic;
				DEVELOPMENT_TEAM = YXFWKZGR7Q;
				INFOPLIST_FILE = "Phillips Homework 2/Info.plist";
				LD_RUNPATH_SEARCH_PATHS = (
					"$(inherited)",
					"@executable_path/Frameworks",
				);
				PRODUCT_BUNDLE_IDENTIFIER = "gphillips.Phillips-Homework-2";
				PRODUCT_NAME = "$(TARGET_NAME)";
				SWIFT_VERSION = 5.0;
				TARGETED_DEVICE_FAMILY = "1,2";
			};
			name = Debug;
		};
		16ED22D423EE675D00D783DE /* Release */ = {
			isa = XCBuildConfiguration;
			buildSettings = {
				ASSETCATALOG_COMPILER_APPICON_NAME = AppIcon;
				CODE_SIGN_STYLE = Automatic;
				DEVELOPMENT_TEAM = YXFWKZGR7Q;
				INFOPLIST_FILE = "Phillips Homework 2/Info.plist";
				LD_RUNPATH_SEARCH_PATHS = (
					"$(inherited)",
					"@executable_path/Frameworks",
				);
				PRODUCT_BUNDLE_IDENTIFIER = "gphillips.Phillips-Homework-2";
				PRODUCT_NAME = "$(TARGET_NAME)";
				SWIFT_VERSION = 5.0;
				TARGETED_DEVICE_FAMILY = "1,2";
			};
			name = Release;
		};
		16ED22D623EE675D00D783DE /* Debug */ = {
			isa = XCBuildConfiguration;
			buildSettings = {
				ALWAYS_EMBED_SWIFT_STANDARD_LIBRARIES = YES;
				BUNDLE_LOADER = "$(TEST_HOST)";
				CODE_SIGN_STYLE = Automatic;
				DEVELOPMENT_TEAM = YXFWKZGR7Q;
				INFOPLIST_FILE = "Phillips Homework 2Tests/Info.plist";
				IPHONEOS_DEPLOYMENT_TARGET = 13.2;
				LD_RUNPATH_SEARCH_PATHS = (
					"$(inherited)",
					"@executable_path/Frameworks",
					"@loader_path/Frameworks",
				);
				PRODUCT_BUNDLE_IDENTIFIER = "gphillips.Phillips-Homework-2Tests";
				PRODUCT_NAME = "$(TARGET_NAME)";
				SWIFT_VERSION = 5.0;
				TARGETED_DEVICE_FAMILY = "1,2";
				TEST_HOST = "$(BUILT_PRODUCTS_DIR)/Phillips Homework 2.app/Phillips Homework 2";
			};
			name = Debug;
		};
		16ED22D723EE675D00D783DE /* Release */ = {
			isa = XCBuildConfiguration;
			buildSettings = {
				ALWAYS_EMBED_SWIFT_STANDARD_LIBRARIES = YES;
				BUNDLE_LOADER = "$(TEST_HOST)";
				CODE_SIGN_STYLE = Automatic;
				DEVELOPMENT_TEAM = YXFWKZGR7Q;
				INFOPLIST_FILE = "Phillips Homework 2Tests/Info.plist";
				IPHONEOS_DEPLOYMENT_TARGET = 13.2;
				LD_RUNPATH_SEARCH_PATHS = (
					"$(inherited)",
					"@executable_path/Frameworks",
					"@loader_path/Frameworks",
				);
				PRODUCT_BUNDLE_IDENTIFIER = "gphillips.Phillips-Homework-2Tests";
				PRODUCT_NAME = "$(TARGET_NAME)";
				SWIFT_VERSION = 5.0;
				TARGETED_DEVICE_FAMILY = "1,2";
				TEST_HOST = "$(BUILT_PRODUCTS_DIR)/Phillips Homework 2.app/Phillips Homework 2";
			};
			name = Release;
		};
		16ED22D923EE675D00D783DE /* Debug */ = {
			isa = XCBuildConfiguration;
			buildSettings = {
				ALWAYS_EMBED_SWIFT_STANDARD_LIBRARIES = YES;
				CODE_SIGN_STYLE = Automatic;
				DEVELOPMENT_TEAM = YXFWKZGR7Q;
				INFOPLIST_FILE = "Phillips Homework 2UITests/Info.plist";
				LD_RUNPATH_SEARCH_PATHS = (
					"$(inherited)",
					"@executable_path/Frameworks",
					"@loader_path/Frameworks",
				);
				PRODUCT_BUNDLE_IDENTIFIER = "gphillips.Phillips-Homework-2UITests";
				PRODUCT_NAME = "$(TARGET_NAME)";
				SWIFT_VERSION = 5.0;
				TARGETED_DEVICE_FAMILY = "1,2";
				TEST_TARGET_NAME = "Phillips Homework 2";
			};
			name = Debug;
		};
		16ED22DA23EE675D00D783DE /* Release */ = {
			isa = XCBuildConfiguration;
			buildSettings = {
				ALWAYS_EMBED_SWIFT_STANDARD_LIBRARIES = YES;
				CODE_SIGN_STYLE = Automatic;
				DEVELOPMENT_TEAM = YXFWKZGR7Q;
				INFOPLIST_FILE = "Phillips Homework 2UITests/Info.plist";
				LD_RUNPATH_SEARCH_PATHS = (
					"$(inherited)",
					"@executable_path/Frameworks",
					"@loader_path/Frameworks",
				);
				PRODUCT_BUNDLE_IDENTIFIER = "gphillips.Phillips-Homework-2UITests";
				PRODUCT_NAME = "$(TARGET_NAME)";
				SWIFT_VERSION = 5.0;
				TARGETED_DEVICE_FAMILY = "1,2";
				TEST_TARGET_NAME = "Phillips Homework 2";
			};
			name = Release;
		};
/* End XCBuildConfiguration section */

/* Begin XCConfigurationList section */
		16ED22A323EE675A00D783DE /* Build configuration list for PBXProject "Phillips Homework 2" */ = {
			isa = XCConfigurationList;
			buildConfigurations = (
				16ED22D023EE675D00D783DE /* Debug */,
				16ED22D123EE675D00D783DE /* Release */,
			);
			defaultConfigurationIsVisible = 0;
			defaultConfigurationName = Release;
		};
		16ED22D223EE675D00D783DE /* Build configuration list for PBXNativeTarget "Phillips Homework 2" */ = {
			isa = XCConfigurationList;
			buildConfigurations = (
				16ED22D323EE675D00D783DE /* Debug */,
				16ED22D423EE675D00D783DE /* Release */,
			);
			defaultConfigurationIsVisible = 0;
			defaultConfigurationName = Release;
		};
		16ED22D523EE675D00D783DE /* Build configuration list for PBXNativeTarget "Phillips Homework 2Tests" */ = {
			isa = XCConfigurationList;
			buildConfigurations = (
				16ED22D623EE675D00D783DE /* Debug */,
				16ED22D723EE675D00D783DE /* Release */,
			);
			defaultConfigurationIsVisible = 0;
			defaultConfigurationName = Release;
		};
		16ED22D823EE675D00D783DE /* Build configuration list for PBXNativeTarget "Phillips Homework 2UITests" */ = {
			isa = XCConfigurationList;
			buildConfigurations = (
				16ED22D923EE675D00D783DE /* Debug */,
				16ED22DA23EE675D00D783DE /* Release */,
			);
			defaultConfigurationIsVisible = 0;
			defaultConfigurationName = Release;
		};
/* End XCConfigurationList section */
	};
	rootObject = 16ED22A023EE675A00D783DE /* Project object */;
}
